
Microsoft Visual Studio Solution File, Format Version 12.00
Project("{FAE04EC0-301F-11D3-BF4B-00C04F79EFBC}") = "WebApplication4", "WebApplication4\WebApplication4.csproj", "{920159CB-1E23-4F0F-82A1-24C18E6DAB02}"
EndProject
Project("{FAE04EC0-301F-11D3-BF4B-00C04F79EFBC}") = "WebApplication6", "WebApplication6\WebApplication6.csproj", "{7E3E1EFB-9BA6-47D7-AD0F-D43B89F187E6}"
EndProject
Project("{FAE04EC0-301F-11D3-BF4B-00C04F79EFBC}") = "WebApplication7", "WebApplication7\WebApplication7.csproj", "{080A667E-0378-4511-8FB4-F4E50E435AB5}"
EndProject
Project("{FAE04EC0-301F-11D3-BF4B-00C04F79EFBC}") = "WebApplication9", "WebApplication9\WebApplication9.csproj", "{17D6D673-05BC-44E4-A736-2792AD6E547F}"
EndProject
Project("{FAE04EC0-301F-11D3-BF4B-00C04F79EFBC}") = "WebApplication10", "WebApplication10\WebApplication10.csproj", "{8207A647-02E9-4283-AED9-BE6256B9D582}"
EndProject
Project("{FAE04EC0-301F-11D3-BF4B-00C04F79EFBC}") = "mvc-basic-without-identity", "without-identity\basic\mvc-basic-without-identity\mvc-basic-without-identity.csproj", "{FD1CA64F-8999-4DCA-BBA1-C6B6FD50E979}"
EndProject
Project("{FAE04EC0-301F-11D3-BF4B-00C04F79EFBC}") = "api-basic-without-identity", "without-identity\basic\api-basic-without-identity\api-basic-without-identity.csproj", "{175CC8C8-4BAB-4215-879D-DD775124BAF2}"
EndProject
Project("{FAE04EC0-301F-11D3-BF4B-00C04F79EFBC}") = "spa-basic-without-identity", "without-identity\basic\spa-basic-without-identity\spa-basic-without-identity.csproj", "{CBF04BF4-CDA2-4B42-A398-5EC3DF4F2200}"
EndProject
Global
	GlobalSection(SolutionConfigurationPlatforms) = preSolution
		Debug|Any CPU = Debug|Any CPU
		Release|Any CPU = Release|Any CPU
	EndGlobalSection
	GlobalSection(ProjectConfigurationPlatforms) = postSolution
		{920159CB-1E23-4F0F-82A1-24C18E6DAB02}.Debug|Any CPU.ActiveCfg = Debug|Any CPU
		{920159CB-1E23-4F0F-82A1-24C18E6DAB02}.Debug|Any CPU.Build.0 = Debug|Any CPU
		{920159CB-1E23-4F0F-82A1-24C18E6DAB02}.Release|Any CPU.ActiveCfg = Release|Any CPU
		{920159CB-1E23-4F0F-82A1-24C18E6DAB02}.Release|Any CPU.Build.0 = Release|Any CPU
		{7E3E1EFB-9BA6-47D7-AD0F-D43B89F187E6}.Debug|Any CPU.ActiveCfg = Debug|Any CPU
		{7E3E1EFB-9BA6-47D7-AD0F-D43B89F187E6}.Debug|Any CPU.Build.0 = Debug|Any CPU
		{7E3E1EFB-9BA6-47D7-AD0F-D43B89F187E6}.Release|Any CPU.ActiveCfg = Release|Any CPU
		{7E3E1EFB-9BA6-47D7-AD0F-D43B89F187E6}.Release|Any CPU.Build.0 = Release|Any CPU
		{080A667E-0378-4511-8FB4-F4E50E435AB5}.Debug|Any CPU.ActiveCfg = Debug|Any CPU
		{080A667E-0378-4511-8FB4-F4E50E435AB5}.Debug|Any CPU.Build.0 = Debug|Any CPU
		{080A667E-0378-4511-8FB4-F4E50E435AB5}.Release|Any CPU.ActiveCfg = Release|Any CPU
		{080A667E-0378-4511-8FB4-F4E50E435AB5}.Release|Any CPU.Build.0 = Release|Any CPU
		{17D6D673-05BC-44E4-A736-2792AD6E547F}.Debug|Any CPU.ActiveCfg = Debug|Any CPU
		{17D6D673-05BC-44E4-A736-2792AD6E547F}.Debug|Any CPU.Build.0 = Debug|Any CPU
		{17D6D673-05BC-44E4-A736-2792AD6E547F}.Release|Any CPU.ActiveCfg = Release|Any CPU
		{17D6D673-05BC-44E4-A736-2792AD6E547F}.Release|Any CPU.Build.0 = Release|Any CPU
		{8207A647-02E9-4283-AED9-BE6256B9D582}.Debug|Any CPU.ActiveCfg = Debug|Any CPU
		{8207A647-02E9-4283-AED9-BE6256B9D582}.Debug|Any CPU.Build.0 = Debug|Any CPU
		{8207A647-02E9-4283-AED9-BE6256B9D582}.Release|Any CPU.ActiveCfg = Release|Any CPU
		{8207A647-02E9-4283-AED9-BE6256B9D582}.Release|Any CPU.Build.0 = Release|Any CPU
		{FD1CA64F-8999-4DCA-BBA1-C6B6FD50E979}.Debug|Any CPU.ActiveCfg = Debug|Any CPU
		{FD1CA64F-8999-4DCA-BBA1-C6B6FD50E979}.Debug|Any CPU.Build.0 = Debug|Any CPU
		{FD1CA64F-8999-4DCA-BBA1-C6B6FD50E979}.Release|Any CPU.ActiveCfg = Release|Any CPU
		{FD1CA64F-8999-4DCA-BBA1-C6B6FD50E979}.Release|Any CPU.Build.0 = Release|Any CPU
		{175CC8C8-4BAB-4215-879D-DD775124BAF2}.Debug|Any CPU.ActiveCfg = Debug|Any CPU
		{175CC8C8-4BAB-4215-879D-DD775124BAF2}.Debug|Any CPU.Build.0 = Debug|Any CPU
		{175CC8C8-4BAB-4215-879D-DD775124BAF2}.Release|Any CPU.ActiveCfg = Release|Any CPU
		{175CC8C8-4BAB-4215-879D-DD775124BAF2}.Release|Any CPU.Build.0 = Release|Any CPU
		{CBF04BF4-CDA2-4B42-A398-5EC3DF4F2200}.Debug|Any CPU.ActiveCfg = Debug|Any CPU
		{CBF04BF4-CDA2-4B42-A398-5EC3DF4F2200}.Debug|Any CPU.Build.0 = Debug|Any CPU
		{CBF04BF4-CDA2-4B42-A398-5EC3DF4F2200}.Release|Any CPU.ActiveCfg = Release|Any CPU
		{CBF04BF4-CDA2-4B42-A398-5EC3DF4F2200}.Release|Any CPU.Build.0 = Release|Any CPU
	EndGlobalSection
EndGlobal
