
Microsoft Visual Studio Solution File, Format Version 12.00
Project("{FAE04EC0-301F-11D3-BF4B-00C04F79EFBC}") = "WebApplication1", "WebApplication1\WebApplication1.csproj", "{D06F6729-CDA0-418F-B806-4FAC582F5464}"
EndProject
Project("{FAE04EC0-301F-11D3-BF4B-00C04F79EFBC}") = "WebApplication2", "WebApplication2\WebApplication2.csproj", "{BA628A14-7C19-4E86-B7E9-902F40A38EF7}"
EndProject
Project("{FAE04EC0-301F-11D3-BF4B-00C04F79EFBC}") = "WebApplication3", "WebApplication3\WebApplication3.csproj", "{7EC358D6-A386-4E06-A12C-BEC1D0A6DC9D}"
EndProject
Project("{FAE04EC0-301F-11D3-BF4B-00C04F79EFBC}") = "WebApplication4", "WebApplication4\WebApplication4.csproj", "{920159CB-1E23-4F0F-82A1-24C18E6DAB02}"
EndProject
Global
	GlobalSection(SolutionConfigurationPlatforms) = preSolution
		Debug|Any CPU = Debug|Any CPU
		Release|Any CPU = Release|Any CPU
	EndGlobalSection
	GlobalSection(ProjectConfigurationPlatforms) = postSolution
		{D06F6729-CDA0-418F-B806-4FAC582F5464}.Debug|Any CPU.ActiveCfg = Debug|Any CPU
		{D06F6729-CDA0-418F-B806-4FAC582F5464}.Debug|Any CPU.Build.0 = Debug|Any CPU
		{D06F6729-CDA0-418F-B806-4FAC582F5464}.Release|Any CPU.ActiveCfg = Release|Any CPU
		{D06F6729-CDA0-418F-B806-4FAC582F5464}.Release|Any CPU.Build.0 = Release|Any CPU
		{BA628A14-7C19-4E86-B7E9-902F40A38EF7}.Debug|Any CPU.ActiveCfg = Debug|Any CPU
		{BA628A14-7C19-4E86-B7E9-902F40A38EF7}.Debug|Any CPU.Build.0 = Debug|Any CPU
		{BA628A14-7C19-4E86-B7E9-902F40A38EF7}.Release|Any CPU.ActiveCfg = Release|Any CPU
		{BA628A14-7C19-4E86-B7E9-902F40A38EF7}.Release|Any CPU.Build.0 = Release|Any CPU
		{7EC358D6-A386-4E06-A12C-BEC1D0A6DC9D}.Debug|Any CPU.ActiveCfg = Debug|Any CPU
		{7EC358D6-A386-4E06-A12C-BEC1D0A6DC9D}.Debug|Any CPU.Build.0 = Debug|Any CPU
		{7EC358D6-A386-4E06-A12C-BEC1D0A6DC9D}.Release|Any CPU.ActiveCfg = Release|Any CPU
		{7EC358D6-A386-4E06-A12C-BEC1D0A6DC9D}.Release|Any CPU.Build.0 = Release|Any CPU
		{920159CB-1E23-4F0F-82A1-24C18E6DAB02}.Debug|Any CPU.ActiveCfg = Debug|Any CPU
		{920159CB-1E23-4F0F-82A1-24C18E6DAB02}.Debug|Any CPU.Build.0 = Debug|Any CPU
		{920159CB-1E23-4F0F-82A1-24C18E6DAB02}.Release|Any CPU.ActiveCfg = Release|Any CPU
		{920159CB-1E23-4F0F-82A1-24C18E6DAB02}.Release|Any CPU.Build.0 = Release|Any CPU
	EndGlobalSection
EndGlobal
